
Microsoft Visual Studio Solution File, Format Version 12.00
# Visual Studio Version 17
VisualStudioVersion = 17.10.35122.118
MinimumVisualStudioVersion = 10.0.40219.1
Project("{FAE04EC0-301F-11D3-BF4B-00C04F79EFBC}") = "Advanced C# Assignments", "Advanced C# Assignments\Advanced C# Assignments.csproj", "{7BF385E1-E6FB-47C7-A7C5-ECCFD0D3C7CE}"
EndProject
Global
	GlobalSection(SolutionConfigurationPlatforms) = preSolution
		Debug|Any CPU = Debug|Any CPU
		Release|Any CPU = Release|Any CPU
	EndGlobalSection
	GlobalSection(ProjectConfigurationPlatforms) = postSolution
		{7BF385E1-E6FB-47C7-A7C5-ECCFD0D3C7CE}.Debug|Any CPU.ActiveCfg = Debug|Any CPU
		{7BF385E1-E6FB-47C7-A7C5-ECCFD0D3C7CE}.Debug|Any CPU.Build.0 = Debug|Any CPU
		{7BF385E1-E6FB-47C7-A7C5-ECCFD0D3C7CE}.Release|Any CPU.ActiveCfg = Release|Any CPU
		{7BF385E1-E6FB-47C7-A7C5-ECCFD0D3C7CE}.Release|Any CPU.Build.0 = Release|Any CPU
	EndGlobalSection
	GlobalSection(SolutionProperties) = preSolution
		HideSolutionNode = FALSE
	EndGlobalSection
	GlobalSection(ExtensibilityGlobals) = postSolution
		SolutionGuid = {873EC087-D7D7-4024-B01E-2191BD7B81B4}
	EndGlobalSection
EndGlobal
